{
  "nome" : " trabalho individual " ,
  "versão" : " 1.0.0 " ,
  "lockfileVersion" : 3 ,
  "requer" : verdadeiro ,
  "pacotes" : {
    "" : {
      "nome" : " trabalho individual " ,
      "versão" : " 1.0.0 " ,
      "licença" : " ISC " ,
      "dependências" : {
        "prompt-sync" : " ^4.2.0 "
      }
    },
    "node_modules/ansi-regex" : {
      "versão" : " 4.1.1 " ,
      "resolvido" : " https://registry.npmjs.org/ansi-regex/-/ansi-regex-4.1.1.tgz " ,
      "integridade" : " sha512-ILlv4k/3f6vfQ4OoP2AGvirOktlQ98ZEL1k9FaQjxa3L1abBgbuTDAdPOpvbGncC0BTVQrl+OM8xZGK6tWXt7g== " ,
      "motores" : {
        "nó" : " >=6 "
      }
    },
    "node_modules/prompt-sync" : {
      "versão" : " 4.2.0 " ,
      "resolvido" : " https://registry.npmjs.org/prompt-sync/-/prompt-sync-4.2.0.tgz " ,
      "integridade" : " sha512-BuEzzc5zptP5LsgV5MZETjDaKSWfchl5U9Luiu8SKp7iZWD5tZalOxvNcZRwv+d2phNFr8xlbxmFNcRKfJOzJw== " ,
      "dependências" : {
        "strip-ansi" : " ^5.0.0 "
      }
    },
    "node_modules/strip-ansi" : {
      "versão" : " 5.2.0 " ,
      "resolvido" : " https://registry.npmjs.org/strip-ansi/-/strip-ansi-5.2.0.tgz " ,
      "integridade" : " sha512-DuRs1gKbBqsMKIZlrffwlug8MHkcnpjs5VPmL1PAh+mA30U0DTotfDZ0d2UUsXpPmPmMMJ6W773MaA3J+lbiWA== " ,
      "dependências" : {
        "ansi-regex" : " ^4.1.0 "
      },
      "motores" : {
        "nó" : " >=6 "
      }
    }
  }
}